
Microsoft Visual Studio Solution File, Format Version 12.00
# Visual Studio Version 17
VisualStudioVersion = 17.9.34728.123
MinimumVisualStudioVersion = 10.0.40219.1
Project("{8BC9CEB8-8B4A-11D0-8D11-00A0C91BC942}") = "Grafikas Engine", "Grafikas Engine.vcxproj", "{F601CCA0-149C-4377-ACB7-637DA600F291}"
EndProject
Global
	GlobalSection(SolutionConfigurationPlatforms) = preSolution
		Debug|x64 = Debug|x64
		Debug|x86 = Debug|x86
		Release|x64 = Release|x64
		Release|x86 = Release|x86
	EndGlobalSection
	GlobalSection(ProjectConfigurationPlatforms) = postSolution
		{F601CCA0-149C-4377-ACB7-637DA600F291}.Debug|x64.ActiveCfg = Debug|x64
		{F601CCA0-149C-4377-ACB7-637DA600F291}.Debug|x64.Build.0 = Debug|x64
		{F601CCA0-149C-4377-ACB7-637DA600F291}.Debug|x86.ActiveCfg = Debug|Win32
		{F601CCA0-149C-4377-ACB7-637DA600F291}.Debug|x86.Build.0 = Debug|Win32
		{F601CCA0-149C-4377-ACB7-637DA600F291}.Release|x64.ActiveCfg = Release|x64
		{F601CCA0-149C-4377-ACB7-637DA600F291}.Release|x64.Build.0 = Release|x64
		{F601CCA0-149C-4377-ACB7-637DA600F291}.Release|x86.ActiveCfg = Release|Win32
		{F601CCA0-149C-4377-ACB7-637DA600F291}.Release|x86.Build.0 = Release|Win32
	EndGlobalSection
	GlobalSection(SolutionProperties) = preSolution
		HideSolutionNode = FALSE
	EndGlobalSection
	GlobalSection(ExtensibilityGlobals) = postSolution
		SolutionGuid = {3B2C4D68-C96B-4DA3-A0D1-743565E6AA21}
	EndGlobalSection
EndGlobal
